
Microsoft Visual Studio Solution File, Format Version 12.00
# Visual Studio 14
VisualStudioVersion = 14.0.25123.0
MinimumVisualStudioVersion = 10.0.40219.1
Project("{FAE04EC0-301F-11D3-BF4B-00C04F79EFBC}") = "MainApp", "MainApp\MainApp.csproj", "{860BADA8-58FC-4405-B993-0074B7B62A65}"
EndProject
Project("{FAE04EC0-301F-11D3-BF4B-00C04F79EFBC}") = "GeneticAlgorithm", "GeneticAlgorithm\GeneticAlgorithm.csproj", "{8DF7E654-4C92-40C7-BEF5-B5686C49375E}"
EndProject
Global
	GlobalSection(SolutionConfigurationPlatforms) = preSolution
		Debug|Any CPU = Debug|Any CPU
		Release|Any CPU = Release|Any CPU
	EndGlobalSection
	GlobalSection(ProjectConfigurationPlatforms) = postSolution
		{860BADA8-58FC-4405-B993-0074B7B62A65}.Debug|Any CPU.ActiveCfg = Debug|Any CPU
		{860BADA8-58FC-4405-B993-0074B7B62A65}.Debug|Any CPU.Build.0 = Debug|Any CPU
		{860BADA8-58FC-4405-B993-0074B7B62A65}.Release|Any CPU.ActiveCfg = Release|Any CPU
		{860BADA8-58FC-4405-B993-0074B7B62A65}.Release|Any CPU.Build.0 = Release|Any CPU
		{8DF7E654-4C92-40C7-BEF5-B5686C49375E}.Debug|Any CPU.ActiveCfg = Debug|Any CPU
		{8DF7E654-4C92-40C7-BEF5-B5686C49375E}.Debug|Any CPU.Build.0 = Debug|Any CPU
		{8DF7E654-4C92-40C7-BEF5-B5686C49375E}.Release|Any CPU.ActiveCfg = Release|Any CPU
		{8DF7E654-4C92-40C7-BEF5-B5686C49375E}.Release|Any CPU.Build.0 = Release|Any CPU
	EndGlobalSection
	GlobalSection(SolutionProperties) = preSolution
		HideSolutionNode = FALSE
	EndGlobalSection
EndGlobal
